
Microsoft Visual Studio Solution File, Format Version 12.00
# Visual Studio 15
VisualStudioVersion = 15.0.26228.12
MinimumVisualStudioVersion = 10.0.40219.1
Project("{FAE04EC0-301F-11D3-BF4B-00C04F79EFBC}") = "Hello World", "CSharpPlayersGuide\Hello World.csproj", "{0B22E122-94F4-47A4-AD42-6AE08E49D1A3}"
EndProject
Project("{FAE04EC0-301F-11D3-BF4B-00C04F79EFBC}") = "Cylinder_Program", "Basic_Math\Cylinder_Program.csproj", "{8D0F9A5E-21CB-408A-A120-10F820083874}"
EndProject
Project("{FAE04EC0-301F-11D3-BF4B-00C04F79EFBC}") = "More_Math", "More_Math\More_Math.csproj", "{729C24AB-ABE9-4FA6-9388-C451C6B2C936}"
EndProject
Project("{FAE04EC0-301F-11D3-BF4B-00C04F79EFBC}") = "Chapter 10 - Decision_Making", "Chapter 10 - Decision_Making\Chapter 10 - Decision_Making.csproj", "{A5AD1F08-E1AD-46D1-B034-857E470AED12}"
EndProject
Project("{FAE04EC0-301F-11D3-BF4B-00C04F79EFBC}") = "Chapter 11 - Switch_Statements", "Chapter 11 - Switch_Statements\Chapter 11 - Switch_Statements.csproj", "{1909840E-E28F-4510-980A-CBD54E010FCA}"
EndProject
Project("{FAE04EC0-301F-11D3-BF4B-00C04F79EFBC}") = "Chapter 12 - Looping", "Chapter 12 - Looping\Chapter 12 - Looping.csproj", "{216A43FA-041B-42B1-92C2-75F93C6160F2}"
EndProject
Project("{FAE04EC0-301F-11D3-BF4B-00C04F79EFBC}") = "Chapter 13 - Arrays", "Chapter 13 - Arrays\Chapter 13 - Arrays.csproj", "{2B424783-573B-4F41-AAF7-3D13ED8671C4}"
EndProject
Global
	GlobalSection(SolutionConfigurationPlatforms) = preSolution
		Debug|Any CPU = Debug|Any CPU
		Release|Any CPU = Release|Any CPU
	EndGlobalSection
	GlobalSection(ProjectConfigurationPlatforms) = postSolution
		{0B22E122-94F4-47A4-AD42-6AE08E49D1A3}.Debug|Any CPU.ActiveCfg = Debug|Any CPU
		{0B22E122-94F4-47A4-AD42-6AE08E49D1A3}.Debug|Any CPU.Build.0 = Debug|Any CPU
		{0B22E122-94F4-47A4-AD42-6AE08E49D1A3}.Release|Any CPU.ActiveCfg = Release|Any CPU
		{0B22E122-94F4-47A4-AD42-6AE08E49D1A3}.Release|Any CPU.Build.0 = Release|Any CPU
		{8D0F9A5E-21CB-408A-A120-10F820083874}.Debug|Any CPU.ActiveCfg = Debug|Any CPU
		{8D0F9A5E-21CB-408A-A120-10F820083874}.Debug|Any CPU.Build.0 = Debug|Any CPU
		{8D0F9A5E-21CB-408A-A120-10F820083874}.Release|Any CPU.ActiveCfg = Release|Any CPU
		{8D0F9A5E-21CB-408A-A120-10F820083874}.Release|Any CPU.Build.0 = Release|Any CPU
		{729C24AB-ABE9-4FA6-9388-C451C6B2C936}.Debug|Any CPU.ActiveCfg = Debug|Any CPU
		{729C24AB-ABE9-4FA6-9388-C451C6B2C936}.Debug|Any CPU.Build.0 = Debug|Any CPU
		{729C24AB-ABE9-4FA6-9388-C451C6B2C936}.Release|Any CPU.ActiveCfg = Release|Any CPU
		{729C24AB-ABE9-4FA6-9388-C451C6B2C936}.Release|Any CPU.Build.0 = Release|Any CPU
		{A5AD1F08-E1AD-46D1-B034-857E470AED12}.Debug|Any CPU.ActiveCfg = Debug|Any CPU
		{A5AD1F08-E1AD-46D1-B034-857E470AED12}.Debug|Any CPU.Build.0 = Debug|Any CPU
		{A5AD1F08-E1AD-46D1-B034-857E470AED12}.Release|Any CPU.ActiveCfg = Release|Any CPU
		{A5AD1F08-E1AD-46D1-B034-857E470AED12}.Release|Any CPU.Build.0 = Release|Any CPU
		{1909840E-E28F-4510-980A-CBD54E010FCA}.Debug|Any CPU.ActiveCfg = Debug|Any CPU
		{1909840E-E28F-4510-980A-CBD54E010FCA}.Debug|Any CPU.Build.0 = Debug|Any CPU
		{1909840E-E28F-4510-980A-CBD54E010FCA}.Release|Any CPU.ActiveCfg = Release|Any CPU
		{1909840E-E28F-4510-980A-CBD54E010FCA}.Release|Any CPU.Build.0 = Release|Any CPU
		{216A43FA-041B-42B1-92C2-75F93C6160F2}.Debug|Any CPU.ActiveCfg = Debug|Any CPU
		{216A43FA-041B-42B1-92C2-75F93C6160F2}.Debug|Any CPU.Build.0 = Debug|Any CPU
		{216A43FA-041B-42B1-92C2-75F93C6160F2}.Release|Any CPU.ActiveCfg = Release|Any CPU
		{216A43FA-041B-42B1-92C2-75F93C6160F2}.Release|Any CPU.Build.0 = Release|Any CPU
		{2B424783-573B-4F41-AAF7-3D13ED8671C4}.Debug|Any CPU.ActiveCfg = Debug|Any CPU
		{2B424783-573B-4F41-AAF7-3D13ED8671C4}.Debug|Any CPU.Build.0 = Debug|Any CPU
		{2B424783-573B-4F41-AAF7-3D13ED8671C4}.Release|Any CPU.ActiveCfg = Release|Any CPU
		{2B424783-573B-4F41-AAF7-3D13ED8671C4}.Release|Any CPU.Build.0 = Release|Any CPU
	EndGlobalSection
	GlobalSection(SolutionProperties) = preSolution
		HideSolutionNode = FALSE
	EndGlobalSection
EndGlobal
